
Microsoft Visual Studio Solution File, Format Version 12.00
# Visual Studio Version 17
VisualStudioVersion = 17.14.36414.22
MinimumVisualStudioVersion = 10.0.40219.1
Project("{FAE04EC0-301F-11D3-BF4B-00C04F79EFBC}") = "core-api", "core-api\core-api.csproj", "{D233CE0B-F6B3-4CEE-B193-BD518AA31757}"
EndProject
Project("{FAE04EC0-301F-11D3-BF4B-00C04F79EFBC}") = "core-api-unit-tests", "core-api-unit-tests\core-api-unit-tests.csproj", "{8D27CAC0-D9F9-460D-8C2D-115A01C307FE}"
EndProject
Global
	GlobalSection(SolutionConfigurationPlatforms) = preSolution
		Debug|Any CPU = Debug|Any CPU
		Release|Any CPU = Release|Any CPU
	EndGlobalSection
	GlobalSection(ProjectConfigurationPlatforms) = postSolution
		{D233CE0B-F6B3-4CEE-B193-BD518AA31757}.Debug|Any CPU.ActiveCfg = Debug|Any CPU
		{D233CE0B-F6B3-4CEE-B193-BD518AA31757}.Debug|Any CPU.Build.0 = Debug|Any CPU
		{D233CE0B-F6B3-4CEE-B193-BD518AA31757}.Release|Any CPU.ActiveCfg = Release|Any CPU
		{D233CE0B-F6B3-4CEE-B193-BD518AA31757}.Release|Any CPU.Build.0 = Release|Any CPU
		{8D27CAC0-D9F9-460D-8C2D-115A01C307FE}.Debug|Any CPU.ActiveCfg = Debug|Any CPU
		{8D27CAC0-D9F9-460D-8C2D-115A01C307FE}.Debug|Any CPU.Build.0 = Debug|Any CPU
		{8D27CAC0-D9F9-460D-8C2D-115A01C307FE}.Release|Any CPU.ActiveCfg = Release|Any CPU
		{8D27CAC0-D9F9-460D-8C2D-115A01C307FE}.Release|Any CPU.Build.0 = Release|Any CPU
	EndGlobalSection
	GlobalSection(SolutionProperties) = preSolution
		HideSolutionNode = FALSE
	EndGlobalSection
	GlobalSection(ExtensibilityGlobals) = postSolution
		SolutionGuid = {A3781185-BFE9-4D25-9EA6-209E95E5C514}
	EndGlobalSection
EndGlobal
